// !$*UTF8*$!
{
	archiveVersion = 1;
	classes = {
	};
	objectVersion = 77;
	objects = {

/* Begin PBXBuildFile section */
		A659C6662F70FA3B00E37016 /* GRDBQuery in Frameworks */ = {isa = PBXBuildFile; productRef = A659C6652F70FA3B00E37016 /* GRDBQuery */; };
		A659C6692F70FA5000E37016 /* GRDB in Frameworks */ = {isa = PBXBuildFile; productRef = A659C6682F70FA5000E37016 /* GRDB */; };
		A6E9D0012F76D00000E37016 /* Textual in Frameworks */ = {isa = PBXBuildFile; productRef = A6E9D0022F76D00000E37016 /* Textual */; };
/* End PBXBuildFile section */

/* Begin PBXContainerItemProxy section */
		A659C6482F70F81600E37016 /* PBXContainerItemProxy */ = {
			isa = PBXContainerItemProxy;
			containerPortal = A659C6322F70F81500E37016 /* Project object */;
			proxyType = 1;
			remoteGlobalIDString = A659C6392F70F81500E37016;
			remoteInfo = pimux2000;
		};
		A659C6522F70F81600E37016 /* PBXContainerItemProxy */ = {
			isa = PBXContainerItemProxy;
			containerPortal = A659C6322F70F81500E37016 /* Project object */;
			proxyType = 1;
			remoteGlobalIDString = A659C6392F70F81500E37016;
			remoteInfo = pimux2000;
		};
/* End PBXContainerItemProxy section */

/* Begin PBXFileReference section */
		A659C63A2F70F81500E37016 /* pimux2000.app */ = {isa = PBXFileReference; explicitFileType = wrapper.application; includeInIndex = 0; path = pimux2000.app; sourceTree = BUILT_PRODUCTS_DIR; };
		A659C6472F70F81600E37016 /* pimux2000Tests.xctest */ = {isa = PBXFileReference; explicitFileType = wrapper.cfbundle; includeInIndex = 0; path = pimux2000Tests.xctest; sourceTree = BUILT_PRODUCTS_DIR; };
		A659C6512F70F81600E37016 /* pimux2000UITests.xctest */ = {isa = PBXFileReference; explicitFileType = wrapper.cfbundle; includeInIndex = 0; path = pimux2000UITests.xctest; sourceTree = BUILT_PRODUCTS_DIR; };
/* End PBXFileReference section */

/* Begin PBXFileSystemSynchronizedRootGroup section */
		A659C63C2F70F81500E37016 /* pimux2000 */ = {
			isa = PBXFileSystemSynchronizedRootGroup;
			path = pimux2000;
			sourceTree = "<group>";
		};
		A659C64A2F70F81600E37016 /* pimux2000Tests */ = {
			isa = PBXFileSystemSynchronizedRootGroup;
			path = pimux2000Tests;
			sourceTree = "<group>";
		};
		A659C6542F70F81600E37016 /* pimux2000UITests */ = {
			isa = PBXFileSystemSynchronizedRootGroup;
			path = pimux2000UITests;
			sourceTree = "<group>";
		};
/* End PBXFileSystemSynchronizedRootGroup section */

/* Begin PBXFrameworksBuildPhase section */
		A659C6372F70F81500E37016 /* Frameworks */ = {
			isa = PBXFrameworksBuildPhase;
			buildActionMask = 2147483647;
			files = (
				A659C6662F70FA3B00E37016 /* GRDBQuery in Frameworks */,
				A659C6692F70FA5000E37016 /* GRDB in Frameworks */,
				A6E9D0012F76D00000E37016 /* Textual in Frameworks */,
			);
			runOnlyForDeploymentPostprocessing = 0;
		};
		A659C6442F70F81600E37016 /* Frameworks */ = {
			isa = PBXFrameworksBuildPhase;
			buildActionMask = 2147483647;
			files = (
			);
			runOnlyForDeploymentPostprocessing = 0;
		};
		A659C64E2F70F81600E37016 /* Frameworks */ = {
			isa = PBXFrameworksBuildPhase;
			buildActionMask = 2147483647;
			files = (
			);
			runOnlyForDeploymentPostprocessing = 0;
		};
/* End PBXFrameworksBuildPhase section */

/* Begin PBXGroup section */
		A659C6312F70F81500E37016 = {
			isa = PBXGroup;
			children = (
				A659C63C2F70F81500E37016 /* pimux2000 */,
				A659C64A2F70F81600E37016 /* pimux2000Tests */,
				A659C6542F70F81600E37016 /* pimux2000UITests */,
				A659C63B2F70F81500E37016 /* Products */,
			);
			sourceTree = "<group>";
		};
		A659C63B2F70F81500E37016 /* Products */ = {
			isa = PBXGroup;
			children = (
				A659C63A2F70F81500E37016 /* pimux2000.app */,
				A659C6472F70F81600E37016 /* pimux2000Tests.xctest */,
				A659C6512F70F81600E37016 /* pimux2000UITests.xctest */,
			);
			name = Products;
			sourceTree = "<group>";
		};
/* End PBXGroup section */

/* Begin PBXNativeTarget section */
		A659C6392F70F81500E37016 /* pimux2000 */ = {
			isa = PBXNativeTarget;
			buildConfigurationList = A659C65B2F70F81600E37016 /* Build configuration list for PBXNativeTarget "pimux2000" */;
			buildPhases = (
				A659C6362F70F81500E37016 /* Sources */,
				A659C6372F70F81500E37016 /* Frameworks */,
				A659C6382F70F81500E37016 /* Resources */,
			);
			buildRules = (
			);
			dependencies = (
			);
			fileSystemSynchronizedGroups = (
				A659C63C2F70F81500E37016 /* pimux2000 */,
			);
			name = pimux2000;
			packageProductDependencies = (
				A659C6652F70FA3B00E37016 /* GRDBQuery */,
				A659C6682F70FA5000E37016 /* GRDB */,
				A6E9D0022F76D00000E37016 /* Textual */,
			);
			productName = pimux2000;
			productReference = A659C63A2F70F81500E37016 /* pimux2000.app */;
			productType = "com.apple.product-type.application";
		};
		A659C6462F70F81600E37016 /* pimux2000Tests */ = {
			isa = PBXNativeTarget;
			buildConfigurationList = A659C65E2F70F81600E37016 /* Build configuration list for PBXNativeTarget "pimux2000Tests" */;
			buildPhases = (
				A659C6432F70F81600E37016 /* Sources */,
				A659C6442F70F81600E37016 /* Frameworks */,
				A659C6452F70F81600E37016 /* Resources */,
			);
			buildRules = (
			);
			dependencies = (
				A659C6492F70F81600E37016 /* PBXTargetDependency */,
			);
			fileSystemSynchronizedGroups = (
				A659C64A2F70F81600E37016 /* pimux2000Tests */,
			);
			name = pimux2000Tests;
			packageProductDependencies = (
			);
			productName = pimux2000Tests;
			productReference = A659C6472F70F81600E37016 /* pimux2000Tests.xctest */;
			productType = "com.apple.product-type.bundle.unit-test";
		};
		A659C6502F70F81600E37016 /* pimux2000UITests */ = {
			isa = PBXNativeTarget;
			buildConfigurationList = A659C6612F70F81600E37016 /* Build configuration list for PBXNativeTarget "pimux2000UITests" */;
			buildPhases = (
				A659C64D2F70F81600E37016 /* Sources */,
				A659C64E2F70F81600E37016 /* Frameworks */,
				A659C64F2F70F81600E37016 /* Resources */,
			);
			buildRules = (
			);
			dependencies = (
				A659C6532F70F81600E37016 /* PBXTargetDependency */,
			);
			fileSystemSynchronizedGroups = (
				A659C6542F70F81600E37016 /* pimux2000UITests */,
			);
			name = pimux2000UITests;
			packageProductDependencies = (
			);
			productName = pimux2000UITests;
			productReference = A659C6512F70F81600E37016 /* pimux2000UITests.xctest */;
			productType = "com.apple.product-type.bundle.ui-testing";
		};
/* End PBXNativeTarget section */

/* Begin PBXProject section */
		A659C6322F70F81500E37016 /* Project object */ = {
			isa = PBXProject;
			attributes = {
				BuildIndependentTargetsInParallel = 1;
				LastSwiftUpdateCheck = 2630;
				LastUpgradeCheck = 2630;
				TargetAttributes = {
					A659C6392F70F81500E37016 = {
						CreatedOnToolsVersion = 26.3;
					};
					A659C6462F70F81600E37016 = {
						CreatedOnToolsVersion = 26.3;
						TestTargetID = A659C6392F70F81500E37016;
					};
					A659C6502F70F81600E37016 = {
						CreatedOnToolsVersion = 26.3;
						TestTargetID = A659C6392F70F81500E37016;
					};
				};
			};
			buildConfigurationList = A659C6352F70F81500E37016 /* Build configuration list for PBXProject "pimux2000" */;
			developmentRegion = en;
			hasScannedForEncodings = 0;
			knownRegions = (
				en,
				Base,
			);
			mainGroup = A659C6312F70F81500E37016;
			minimizedProjectReferenceProxies = 1;
			packageReferences = (
				A659C6642F70FA3B00E37016 /* XCRemoteSwiftPackageReference "GRDBQuery" */,
				A659C6672F70FA5000E37016 /* XCRemoteSwiftPackageReference "GRDB" */,
				A6E9D0032F76D00000E37016 /* XCRemoteSwiftPackageReference "textual" */,
			);
			preferredProjectObjectVersion = 77;
			productRefGroup = A659C63B2F70F81500E37016 /* Products */;
			projectDirPath = "";
			projectRoot = "";
			targets = (
				A659C6392F70F81500E37016 /* pimux2000 */,
				A659C6462F70F81600E37016 /* pimux2000Tests */,
				A659C6502F70F81600E37016 /* pimux2000UITests */,
			);
		};
/* End PBXProject section */

/* Begin PBXResourcesBuildPhase section */
		A659C6382F70F81500E37016 /* Resources */ = {
			isa = PBXResourcesBuildPhase;
			buildActionMask = 2147483647;
			files = (
			);
			runOnlyForDeploymentPostprocessing = 0;
		};
		A659C6452F70F81600E37016 /* Resources */ = {
			isa = PBXResourcesBuildPhase;
			buildActionMask = 2147483647;
			files = (
			);
			runOnlyForDeploymentPostprocessing = 0;
		};
		A659C64F2F70F81600E37016 /* Resources */ = {
			isa = PBXResourcesBuildPhase;
			buildActionMask = 2147483647;
			files = (
			);
			runOnlyForDeploymentPostprocessing = 0;
		};
/* End PBXResourcesBuildPhase section */

/* Begin PBXSourcesBuildPhase section */
		A659C6362F70F81500E37016 /* Sources */ = {
			isa = PBXSourcesBuildPhase;
			buildActionMask = 2147483647;
			files = (
			);
			runOnlyForDeploymentPostprocessing = 0;
		};
		A659C6432F70F81600E37016 /* Sources */ = {
			isa = PBXSourcesBuildPhase;
			buildActionMask = 2147483647;
			files = (
			);
			runOnlyForDeploymentPostprocessing = 0;
		};
		A659C64D2F70F81600E37016 /* Sources */ = {
			isa = PBXSourcesBuildPhase;
			buildActionMask = 2147483647;
			files = (
			);
			runOnlyForDeploymentPostprocessing = 0;
		};
/* End PBXSourcesBuildPhase section */

/* Begin PBXTargetDependency section */
		A659C6492F70F81600E37016 /* PBXTargetDependency */ = {
			isa = PBXTargetDependency;
			target = A659C6392F70F81500E37016 /* pimux2000 */;
			targetProxy = A659C6482F70F81600E37016 /* PBXContainerItemProxy */;
		};
		A659C6532F70F81600E37016 /* PBXTargetDependency */ = {
			isa = PBXTargetDependency;
			target = A659C6392F70F81500E37016 /* pimux2000 */;
			targetProxy = A659C6522F70F81600E37016 /* PBXContainerItemProxy */;
		};
/* End PBXTargetDependency section */

/* Begin XCBuildConfiguration section */
		A659C6592F70F81600E37016 /* Debug */ = {
			isa = XCBuildConfiguration;
			buildSettings = {
				ALWAYS_SEARCH_USER_PATHS = NO;
				ASSETCATALOG_COMPILER_GENERATE_SWIFT_ASSET_SYMBOL_EXTENSIONS = YES;
				CLANG_ANALYZER_NONNULL = YES;
				CLANG_ANALYZER_NUMBER_OBJECT_CONVERSION = YES_AGGRESSIVE;
				CLANG_CXX_LANGUAGE_STANDARD = "gnu++20";
				CLANG_ENABLE_MODULES = YES;
				CLANG_ENABLE_OBJC_ARC = YES;
				CLANG_ENABLE_OBJC_WEAK = YES;
				CLANG_WARN_BLOCK_CAPTURE_AUTORELEASING = YES;
				CLANG_WARN_BOOL_CONVERSION = YES;
				CLANG_WARN_COMMA = YES;
				CLANG_WARN_CONSTANT_CONVERSION = YES;
				CLANG_WARN_DEPRECATED_OBJC_IMPLEMENTATIONS = YES;
				CLANG_WARN_DIRECT_OBJC_ISA_USAGE = YES_ERROR;
				CLANG_WARN_DOCUMENTATION_COMMENTS = YES;
				CLANG_WARN_EMPTY_BODY = YES;
				CLANG_WARN_ENUM_CONVERSION = YES;
				CLANG_WARN_INFINITE_RECURSION = YES;
				CLANG_WARN_INT_CONVERSION = YES;
				CLANG_WARN_NON_LITERAL_NULL_CONVERSION = YES;
				CLANG_WARN_OBJC_IMPLICIT_RETAIN_SELF = YES;
				CLANG_WARN_OBJC_LITERAL_CONVERSION = YES;
				CLANG_WARN_OBJC_ROOT_CLASS = YES_ERROR;
				CLANG_WARN_QUOTED_INCLUDE_IN_FRAMEWORK_HEADER = YES;
				CLANG_WARN_RANGE_LOOP_ANALYSIS = YES;
				CLANG_WARN_STRICT_PROTOTYPES = YES;
				CLANG_WARN_SUSPICIOUS_MOVE = YES;
				CLANG_WARN_UNGUARDED_AVAILABILITY = YES_AGGRESSIVE;
				CLANG_WARN_UNREACHABLE_CODE = YES;
				CLANG_WARN__DUPLICATE_METHOD_MATCH = YES;
				COPY_PHASE_STRIP = NO;
				DEBUG_INFORMATION_FORMAT = dwarf;
				DEVELOPMENT_TEAM = Z773AM52SJ;
				ENABLE_STRICT_OBJC_MSGSEND = YES;
				ENABLE_TESTABILITY = YES;
				ENABLE_USER_SCRIPT_SANDBOXING = YES;
				GCC_C_LANGUAGE_STANDARD = gnu17;
				GCC_DYNAMIC_NO_PIC = NO;
				GCC_NO_COMMON_BLOCKS = YES;
				GCC_OPTIMIZATION_LEVEL = 0;
				GCC_PREPROCESSOR_DEFINITIONS = (
					"DEBUG=1",
					"$(inherited)",
				);
				GCC_WARN_64_TO_32_BIT_CONVERSION = YES;
				GCC_WARN_ABOUT_RETURN_TYPE = YES_ERROR;
				GCC_WARN_UNDECLARED_SELECTOR = YES;
				GCC_WARN_UNINITIALIZED_AUTOS = YES_AGGRESSIVE;
				GCC_WARN_UNUSED_FUNCTION = YES;
				GCC_WARN_UNUSED_VARIABLE = YES;
				IPHONEOS_DEPLOYMENT_TARGET = 18.0;
				LOCALIZATION_PREFERS_STRING_CATALOGS = YES;
				MTL_ENABLE_DEBUG_INFO = INCLUDE_SOURCE;
				MTL_FAST_MATH = YES;
				ONLY_ACTIVE_ARCH = YES;
				SDKROOT = iphoneos;
				SWIFT_ACTIVE_COMPILATION_CONDITIONS = "DEBUG $(inherited)";
				SWIFT_OPTIMIZATION_LEVEL = "-Onone";
			};
			name = Debug;
		};
		A659C65A2F70F81600E37016 /* Release */ = {
			isa = XCBuildConfiguration;
			buildSettings = {
				ALWAYS_SEARCH_USER_PATHS = NO;
				ASSETCATALOG_COMPILER_GENERATE_SWIFT_ASSET_SYMBOL_EXTENSIONS = YES;
				CLANG_ANALYZER_NONNULL = YES;
				CLANG_ANALYZER_NUMBER_OBJECT_CONVERSION = YES_AGGRESSIVE;
				CLANG_CXX_LANGUAGE_STANDARD = "gnu++20";
				CLANG_ENABLE_MODULES = YES;
				CLANG_ENABLE_OBJC_ARC = YES;
				CLANG_ENABLE_OBJC_WEAK = YES;
				CLANG_WARN_BLOCK_CAPTURE_AUTORELEASING = YES;
				CLANG_WARN_BOOL_CONVERSION = YES;
				CLANG_WARN_COMMA = YES;
				CLANG_WARN_CONSTANT_CONVERSION = YES;
				CLANG_WARN_DEPRECATED_OBJC_IMPLEMENTATIONS = YES;
				CLANG_WARN_DIRECT_OBJC_ISA_USAGE = YES_ERROR;
				CLANG_WARN_DOCUMENTATION_COMMENTS = YES;
				CLANG_WARN_EMPTY_BODY = YES;
				CLANG_WARN_ENUM_CONVERSION = YES;
				CLANG_WARN_INFINITE_RECURSION = YES;
				CLANG_WARN_INT_CONVERSION = YES;
				CLANG_WARN_NON_LITERAL_NULL_CONVERSION = YES;
				CLANG_WARN_OBJC_IMPLICIT_RETAIN_SELF = YES;
				CLANG_WARN_OBJC_LITERAL_CONVERSION = YES;
				CLANG_WARN_OBJC_ROOT_CLASS = YES_ERROR;
				CLANG_WARN_QUOTED_INCLUDE_IN_FRAMEWORK_HEADER = YES;
				CLANG_WARN_RANGE_LOOP_ANALYSIS = YES;
				CLANG_WARN_STRICT_PROTOTYPES = YES;
				CLANG_WARN_SUSPICIOUS_MOVE = YES;
				CLANG_WARN_UNGUARDED_AVAILABILITY = YES_AGGRESSIVE;
				CLANG_WARN_UNREACHABLE_CODE = YES;
				CLANG_WARN__DUPLICATE_METHOD_MATCH = YES;
				COPY_PHASE_STRIP = NO;
				DEBUG_INFORMATION_FORMAT = "dwarf-with-dsym";
				DEVELOPMENT_TEAM = Z773AM52SJ;
				ENABLE_NS_ASSERTIONS = NO;
				ENABLE_STRICT_OBJC_MSGSEND = YES;
				ENABLE_USER_SCRIPT_SANDBOXING = YES;
				GCC_C_LANGUAGE_STANDARD = gnu17;
				GCC_NO_COMMON_BLOCKS = YES;
				GCC_WARN_64_TO_32_BIT_CONVERSION = YES;
				GCC_WARN_ABOUT_RETURN_TYPE = YES_ERROR;
				GCC_WARN_UNDECLARED_SELECTOR = YES;
				GCC_WARN_UNINITIALIZED_AUTOS = YES_AGGRESSIVE;
				GCC_WARN_UNUSED_FUNCTION = YES;
				GCC_WARN_UNUSED_VARIABLE = YES;
				IPHONEOS_DEPLOYMENT_TARGET = 18.0;
				LOCALIZATION_PREFERS_STRING_CATALOGS = YES;
				MTL_ENABLE_DEBUG_INFO = NO;
				MTL_FAST_MATH = YES;
				SDKROOT = iphoneos;
				SWIFT_COMPILATION_MODE = wholemodule;
				VALIDATE_PRODUCT = YES;
			};
			name = Release;
		};
		A659C65C2F70F81600E37016 /* Debug */ = {
			isa = XCBuildConfiguration;
			buildSettings = {
				ASSETCATALOG_COMPILER_APPICON_NAME = AppIcon;
				ASSETCATALOG_COMPILER_GLOBAL_ACCENT_COLOR_NAME = AccentColor;
				CODE_SIGN_STYLE = Automatic;
				CURRENT_PROJECT_VERSION = 1;
				DEVELOPMENT_TEAM = Z773AM52SJ;
				ENABLE_APP_SANDBOX = YES;
				ENABLE_HARDENED_RUNTIME = YES;
				ENABLE_OUTGOING_NETWORK_CONNECTIONS = YES;
				ENABLE_PREVIEWS = YES;
				GENERATE_INFOPLIST_FILE = YES;
				INFOPLIST_FILE = "Config/pimux2000-Info.plist";
				INFOPLIST_KEY_ITSAppUsesNonExemptEncryption = NO;
				INFOPLIST_KEY_LSApplicationCategoryType = "public.app-category.utilities";
				INFOPLIST_KEY_UIApplicationSceneManifest_Generation = YES;
				INFOPLIST_KEY_UIApplicationSupportsIndirectInputEvents = YES;
				INFOPLIST_KEY_UILaunchScreen_Generation = YES;
				INFOPLIST_KEY_UISupportedInterfaceOrientations_iPad = "UIInterfaceOrientationPortrait UIInterfaceOrientationPortraitUpsideDown UIInterfaceOrientationLandscapeLeft UIInterfaceOrientationLandscapeRight";
				INFOPLIST_KEY_UISupportedInterfaceOrientations_iPhone = "UIInterfaceOrientationPortrait UIInterfaceOrientationLandscapeLeft UIInterfaceOrientationLandscapeRight";
				IPHONEOS_DEPLOYMENT_TARGET = 26.0;
				LD_RUNPATH_SEARCH_PATHS = (
					"$(inherited)",
					"@executable_path/Frameworks",
				);
				MACOSX_DEPLOYMENT_TARGET = 15.6;
				MARKETING_VERSION = 1.0;
				PRODUCT_BUNDLE_IDENTIFIER = fm.folder.pimux2000;
				PRODUCT_NAME = "$(TARGET_NAME)";
				REGISTER_APP_GROUPS = YES;
				STRING_CATALOG_GENERATE_SYMBOLS = YES;
				SUPPORTED_PLATFORMS = "iphoneos iphonesimulator macosx";
				SUPPORTS_MACCATALYST = NO;
				SUPPORTS_MAC_DESIGNED_FOR_IPHONE_IPAD = NO;
				SUPPORTS_XR_DESIGNED_FOR_IPHONE_IPAD = NO;
				SWIFT_APPROACHABLE_CONCURRENCY = YES;
				SWIFT_DEFAULT_ACTOR_ISOLATION = MainActor;
				SWIFT_EMIT_LOC_STRINGS = YES;
				SWIFT_UPCOMING_FEATURE_MEMBER_IMPORT_VISIBILITY = YES;
				SWIFT_VERSION = 5.0;
				TARGETED_DEVICE_FAMILY = "1,2";
			};
			name = Debug;
		};
		A659C65D2F70F81600E37016 /* Release */ = {
			isa = XCBuildConfiguration;
			buildSettings = {
				ASSETCATALOG_COMPILER_APPICON_NAME = AppIcon;
				ASSETCATALOG_COMPILER_GLOBAL_ACCENT_COLOR_NAME = AccentColor;
				CODE_SIGN_STYLE = Automatic;
				CURRENT_PROJECT_VERSION = 1;
				DEVELOPMENT_TEAM = Z773AM52SJ;
				ENABLE_APP_SANDBOX = YES;
				ENABLE_HARDENED_RUNTIME = YES;
				ENABLE_OUTGOING_NETWORK_CONNECTIONS = YES;
				ENABLE_PREVIEWS = YES;
				GENERATE_INFOPLIST_FILE = YES;
				INFOPLIST_FILE = "Config/pimux2000-Info.plist";
				INFOPLIST_KEY_ITSAppUsesNonExemptEncryption = NO;
				INFOPLIST_KEY_LSApplicationCategoryType = "public.app-category.utilities";
				INFOPLIST_KEY_UIApplicationSceneManifest_Generation = YES;
				INFOPLIST_KEY_UIApplicationSupportsIndirectInputEvents = YES;
				INFOPLIST_KEY_UILaunchScreen_Generation = YES;
				INFOPLIST_KEY_UISupportedInterfaceOrientations_iPad = "UIInterfaceOrientationPortrait UIInterfaceOrientationPortraitUpsideDown UIInterfaceOrientationLandscapeLeft UIInterfaceOrientationLandscapeRight";
				INFOPLIST_KEY_UISupportedInterfaceOrientations_iPhone = "UIInterfaceOrientationPortrait UIInterfaceOrientationLandscapeLeft UIInterfaceOrientationLandscapeRight";
				IPHONEOS_DEPLOYMENT_TARGET = 26.0;
				LD_RUNPATH_SEARCH_PATHS = (
					"$(inherited)",
					"@executable_path/Frameworks",
				);
				MACOSX_DEPLOYMENT_TARGET = 15.6;
				MARKETING_VERSION = 1.0;
				PRODUCT_BUNDLE_IDENTIFIER = fm.folder.pimux2000;
				PRODUCT_NAME = "$(TARGET_NAME)";
				REGISTER_APP_GROUPS = YES;
				STRING_CATALOG_GENERATE_SYMBOLS = YES;
				SUPPORTED_PLATFORMS = "iphoneos iphonesimulator macosx";
				SUPPORTS_MACCATALYST = NO;
				SUPPORTS_MAC_DESIGNED_FOR_IPHONE_IPAD = NO;
				SUPPORTS_XR_DESIGNED_FOR_IPHONE_IPAD = NO;
				SWIFT_APPROACHABLE_CONCURRENCY = YES;
				SWIFT_DEFAULT_ACTOR_ISOLATION = MainActor;
				SWIFT_EMIT_LOC_STRINGS = YES;
				SWIFT_UPCOMING_FEATURE_MEMBER_IMPORT_VISIBILITY = YES;
				SWIFT_VERSION = 5.0;
				TARGETED_DEVICE_FAMILY = "1,2";
			};
			name = Release;
		};
		A659C65F2F70F81600E37016 /* Debug */ = {
			isa = XCBuildConfiguration;
			buildSettings = {
				BUNDLE_LOADER = "$(TEST_HOST)";
				CODE_SIGN_STYLE = Automatic;
				CURRENT_PROJECT_VERSION = 1;
				DEVELOPMENT_TEAM = Z773AM52SJ;
				GENERATE_INFOPLIST_FILE = YES;
				IPHONEOS_DEPLOYMENT_TARGET = 26.0;
				MARKETING_VERSION = 1.0;
				PRODUCT_BUNDLE_IDENTIFIER = fm.folder.pimux2000Tests;
				PRODUCT_NAME = "$(TARGET_NAME)";
				STRING_CATALOG_GENERATE_SYMBOLS = NO;
				SWIFT_APPROACHABLE_CONCURRENCY = YES;
				SWIFT_EMIT_LOC_STRINGS = NO;
				SWIFT_UPCOMING_FEATURE_MEMBER_IMPORT_VISIBILITY = YES;
				SWIFT_VERSION = 5.0;
				TEST_HOST = "$(BUILT_PRODUCTS_DIR)/pimux2000.app/$(BUNDLE_EXECUTABLE_FOLDER_PATH)/pimux2000";
			};
			name = Debug;
		};
		A659C6602F70F81600E37016 /* Release */ = {
			isa = XCBuildConfiguration;
			buildSettings = {
				BUNDLE_LOADER = "$(TEST_HOST)";
				CODE_SIGN_STYLE = Automatic;
				CURRENT_PROJECT_VERSION = 1;
				DEVELOPMENT_TEAM = Z773AM52SJ;
				GENERATE_INFOPLIST_FILE = YES;
				IPHONEOS_DEPLOYMENT_TARGET = 26.0;
				MARKETING_VERSION = 1.0;
				PRODUCT_BUNDLE_IDENTIFIER = fm.folder.pimux2000Tests;
				PRODUCT_NAME = "$(TARGET_NAME)";
				STRING_CATALOG_GENERATE_SYMBOLS = NO;
				SWIFT_APPROACHABLE_CONCURRENCY = YES;
				SWIFT_EMIT_LOC_STRINGS = NO;
				SWIFT_UPCOMING_FEATURE_MEMBER_IMPORT_VISIBILITY = YES;
				SWIFT_VERSION = 5.0;
				TEST_HOST = "$(BUILT_PRODUCTS_DIR)/pimux2000.app/$(BUNDLE_EXECUTABLE_FOLDER_PATH)/pimux2000";
			};
			name = Release;
		};
		A659C6622F70F81600E37016 /* Debug */ = {
			isa = XCBuildConfiguration;
			buildSettings = {
				CODE_SIGN_STYLE = Automatic;
				CURRENT_PROJECT_VERSION = 1;
				DEVELOPMENT_TEAM = Z773AM52SJ;
				GENERATE_INFOPLIST_FILE = YES;
				IPHONEOS_DEPLOYMENT_TARGET = 26.0;
				MARKETING_VERSION = 1.0;
				PRODUCT_BUNDLE_IDENTIFIER = fm.folder.pimux2000UITests;
				PRODUCT_NAME = "$(TARGET_NAME)";
				STRING_CATALOG_GENERATE_SYMBOLS = NO;
				SWIFT_APPROACHABLE_CONCURRENCY = YES;
				SWIFT_EMIT_LOC_STRINGS = NO;
				SWIFT_UPCOMING_FEATURE_MEMBER_IMPORT_VISIBILITY = YES;
				SWIFT_VERSION = 5.0;
				TEST_TARGET_NAME = pimux2000;
			};
			name = Debug;
		};
		A659C6632F70F81600E37016 /* Release */ = {
			isa = XCBuildConfiguration;
			buildSettings = {
				CODE_SIGN_STYLE = Automatic;
				CURRENT_PROJECT_VERSION = 1;
				DEVELOPMENT_TEAM = Z773AM52SJ;
				GENERATE_INFOPLIST_FILE = YES;
				IPHONEOS_DEPLOYMENT_TARGET = 26.0;
				MARKETING_VERSION = 1.0;
				PRODUCT_BUNDLE_IDENTIFIER = fm.folder.pimux2000UITests;
				PRODUCT_NAME = "$(TARGET_NAME)";
				STRING_CATALOG_GENERATE_SYMBOLS = NO;
				SWIFT_APPROACHABLE_CONCURRENCY = YES;
				SWIFT_EMIT_LOC_STRINGS = NO;
				SWIFT_UPCOMING_FEATURE_MEMBER_IMPORT_VISIBILITY = YES;
				SWIFT_VERSION = 5.0;
				TEST_TARGET_NAME = pimux2000;
			};
			name = Release;
		};
/* End XCBuildConfiguration section */

/* Begin XCConfigurationList section */
		A659C6352F70F81500E37016 /* Build configuration list for PBXProject "pimux2000" */ = {
			isa = XCConfigurationList;
			buildConfigurations = (
				A659C6592F70F81600E37016 /* Debug */,
				A659C65A2F70F81600E37016 /* Release */,
			);
			defaultConfigurationIsVisible = 0;
			defaultConfigurationName = Release;
		};
		A659C65B2F70F81600E37016 /* Build configuration list for PBXNativeTarget "pimux2000" */ = {
			isa = XCConfigurationList;
			buildConfigurations = (
				A659C65C2F70F81600E37016 /* Debug */,
				A659C65D2F70F81600E37016 /* Release */,
			);
			defaultConfigurationIsVisible = 0;
			defaultConfigurationName = Release;
		};
		A659C65E2F70F81600E37016 /* Build configuration list for PBXNativeTarget "pimux2000Tests" */ = {
			isa = XCConfigurationList;
			buildConfigurations = (
				A659C65F2F70F81600E37016 /* Debug */,
				A659C6602F70F81600E37016 /* Release */,
			);
			defaultConfigurationIsVisible = 0;
			defaultConfigurationName = Release;
		};
		A659C6612F70F81600E37016 /* Build configuration list for PBXNativeTarget "pimux2000UITests" */ = {
			isa = XCConfigurationList;
			buildConfigurations = (
				A659C6622F70F81600E37016 /* Debug */,
				A659C6632F70F81600E37016 /* Release */,
			);
			defaultConfigurationIsVisible = 0;
			defaultConfigurationName = Release;
		};
/* End XCConfigurationList section */

/* Begin XCRemoteSwiftPackageReference section */
		A659C6642F70FA3B00E37016 /* XCRemoteSwiftPackageReference "GRDBQuery" */ = {
			isa = XCRemoteSwiftPackageReference;
			repositoryURL = "https://github.com/groue/GRDBQuery";
			requirement = {
				kind = upToNextMajorVersion;
				minimumVersion = 0.11.0;
			};
		};
		A659C6672F70FA5000E37016 /* XCRemoteSwiftPackageReference "GRDB" */ = {
			isa = XCRemoteSwiftPackageReference;
			repositoryURL = "https://github.com/groue/GRDB.swift";
			requirement = {
				branch = master;
				kind = branch;
			};
		};
		A6E9D0032F76D00000E37016 /* XCRemoteSwiftPackageReference "textual" */ = {
			isa = XCRemoteSwiftPackageReference;
			repositoryURL = "https://github.com/nakajima/textual";
			requirement = {
				branch = bugfix/streaming_crash;
				kind = branch;
			};
		};
/* End XCRemoteSwiftPackageReference section */

/* Begin XCSwiftPackageProductDependency section */
		A659C6652F70FA3B00E37016 /* GRDBQuery */ = {
			isa = XCSwiftPackageProductDependency;
			package = A659C6642F70FA3B00E37016 /* XCRemoteSwiftPackageReference "GRDBQuery" */;
			productName = GRDBQuery;
		};
		A659C6682F70FA5000E37016 /* GRDB */ = {
			isa = XCSwiftPackageProductDependency;
			package = A659C6672F70FA5000E37016 /* XCRemoteSwiftPackageReference "GRDB" */;
			productName = GRDB;
		};
		A6E9D0022F76D00000E37016 /* Textual */ = {
			isa = XCSwiftPackageProductDependency;
			package = A6E9D0032F76D00000E37016 /* XCRemoteSwiftPackageReference "textual" */;
			productName = Textual;
		};
/* End XCSwiftPackageProductDependency section */
	};
	rootObject = A659C6322F70F81500E37016 /* Project object */;
}
